
Microsoft Visual Studio Solution File, Format Version 12.00
# Visual Studio 15
VisualStudioVersion = 15.0.28307.645
MinimumVisualStudioVersion = 10.0.40219.1
Project("{FAE04EC0-301F-11D3-BF4B-00C04F79EFBC}") = "KibaInstall", "KibaInstall\KibaInstall.csproj", "{DB5243F5-1D5E-4B9F-BA76-4F276E33788F}"
EndProject
Project("{54435603-DBB4-11D2-8724-00A0C9A8B90C}") = "KibaInstallSetup", "KibaInstallSetup\KibaInstallSetup.vdproj", "{6D299974-086F-4AAF-9AEA-51925E8839D9}"
EndProject
Global
	GlobalSection(SolutionConfigurationPlatforms) = preSolution
		Debug|Any CPU = Debug|Any CPU
		Release|Any CPU = Release|Any CPU
	EndGlobalSection
	GlobalSection(ProjectConfigurationPlatforms) = postSolution
		{DB5243F5-1D5E-4B9F-BA76-4F276E33788F}.Debug|Any CPU.ActiveCfg = Debug|Any CPU
		{DB5243F5-1D5E-4B9F-BA76-4F276E33788F}.Debug|Any CPU.Build.0 = Debug|Any CPU
		{DB5243F5-1D5E-4B9F-BA76-4F276E33788F}.Release|Any CPU.ActiveCfg = Release|Any CPU
		{DB5243F5-1D5E-4B9F-BA76-4F276E33788F}.Release|Any CPU.Build.0 = Release|Any CPU
		{6D299974-086F-4AAF-9AEA-51925E8839D9}.Debug|Any CPU.ActiveCfg = Debug
		{6D299974-086F-4AAF-9AEA-51925E8839D9}.Release|Any CPU.ActiveCfg = Release
	EndGlobalSection
	GlobalSection(SolutionProperties) = preSolution
		HideSolutionNode = FALSE
	EndGlobalSection
	GlobalSection(ExtensibilityGlobals) = postSolution
		SolutionGuid = {D879806D-0B52-40F1-9923-FE9AAB519521}
	EndGlobalSection
EndGlobal
